
Microsoft Visual Studio Solution File, Format Version 12.00
# Visual Studio Version 17
VisualStudioVersion = 17.11.35327.3
MinimumVisualStudioVersion = 10.0.40219.1
Project("{FAE04EC0-301F-11D3-BF4B-00C04F79EFBC}") = "TracyWrapperStubs", "TracyWrapperStubs.csproj", "{8CE60EB0-BA16-4328-9C9C-23331C62BE7E}"
EndProject
Global
	GlobalSection(SolutionConfigurationPlatforms) = preSolution
		Debug|Any CPU = Debug|Any CPU
		Release|Any CPU = Release|Any CPU
	EndGlobalSection
	GlobalSection(ProjectConfigurationPlatforms) = postSolution
		{8CE60EB0-BA16-4328-9C9C-23331C62BE7E}.Debug|Any CPU.ActiveCfg = Debug|Any CPU
		{8CE60EB0-BA16-4328-9C9C-23331C62BE7E}.Debug|Any CPU.Build.0 = Debug|Any CPU
		{8CE60EB0-BA16-4328-9C9C-23331C62BE7E}.Release|Any CPU.ActiveCfg = Release|Any CPU
		{8CE60EB0-BA16-4328-9C9C-23331C62BE7E}.Release|Any CPU.Build.0 = Release|Any CPU
	EndGlobalSection
	GlobalSection(SolutionProperties) = preSolution
		HideSolutionNode = FALSE
	EndGlobalSection
	GlobalSection(ExtensibilityGlobals) = postSolution
		SolutionGuid = {289B534F-72ED-44BE-A929-7B9EA42E0B76}
	EndGlobalSection
EndGlobal
